
Microsoft Visual Studio Solution File, Format Version 12.00
# Visual Studio 15
VisualStudioVersion = 15.0.26124.0
MinimumVisualStudioVersion = 15.0.26124.0
Project("{9A19103F-16F7-4668-BE54-9A1E7A4F7556}") = "signalwire-dotnet", "signalwire-dotnet\signalwire-dotnet.csproj", "{349C0884-4FBE-4388-8078-C9DC4B4D35FB}"
EndProject
Project("{9A19103F-16F7-4668-BE54-9A1E7A4F7556}") = "signalwire-dotnet-tests", "LaMLTests\signalwire-dotnet-tests\signalwire-dotnet-tests.csproj", "{CCD41B0D-71F2-48A4-BEF7-50A08BA3C40E}"
EndProject
Project("{2150E333-8FDC-42A3-9474-1A3956D46DE8}") = "RelayTests", "RelayTests", "{1861F546-601F-40C5-87F9-90904AEF3FFC}"
EndProject
Project("{9A19103F-16F7-4668-BE54-9A1E7A4F7556}") = "Calling_Play", "RelayTests\Calling_Play\Calling_Play.csproj", "{88F4EEF8-1DBF-4DCA-B779-E7802A7F8C93}"
EndProject
Project("{9A19103F-16F7-4668-BE54-9A1E7A4F7556}") = "Calling_Prompt", "RelayTests\Calling_Prompt\Calling_Prompt.csproj", "{F287CAC5-EC22-4C8C-BEF7-A666339E61A4}"
EndProject
Project("{9A19103F-16F7-4668-BE54-9A1E7A4F7556}") = "Calling_Record", "RelayTests\Calling_Record\Calling_Record.csproj", "{0AD108B5-EDB3-45AD-8283-C203F9F2E0FF}"
EndProject
Project("{9A19103F-16F7-4668-BE54-9A1E7A4F7556}") = "Calling_Detect", "RelayTests\Calling_Detect\Calling_Detect.csproj", "{E7DF969B-A957-4814-9743-D86DF9387680}"
EndProject
Project("{9A19103F-16F7-4668-BE54-9A1E7A4F7556}") = "Calling_Complex", "RelayTests\Calling_Complex\Calling_Complex.csproj", "{7A1A32E0-09D6-406F-801F-38D3D38EC1CD}"
EndProject
Project("{9A19103F-16F7-4668-BE54-9A1E7A4F7556}") = "Garbage", "RelayTests\Garbage\Garbage.csproj", "{D91AE7CF-BEB3-40CB-ACAC-2B7065BA7F39}"
EndProject
Project("{9A19103F-16F7-4668-BE54-9A1E7A4F7556}") = "JWT", "RelayTests\JWT\JWT.csproj", "{CD5BA39E-9E6B-47DF-8A0E-17F88652A7B4}"
EndProject
Project("{2150E333-8FDC-42A3-9474-1A3956D46DE8}") = "RelayExamples", "RelayExamples", "{CBE6F4FA-C7EC-45D6-82E2-5C2D97F55124}"
EndProject
Project("{9A19103F-16F7-4668-BE54-9A1E7A4F7556}") = "Calling_ConnectCall", "RelayExamples\Calling_ConnectCall\Calling_ConnectCall.csproj", "{D67F4901-1330-439E-B428-7E2957072288}"
EndProject
Project("{2150E333-8FDC-42A3-9474-1A3956D46DE8}") = "LaMLTests", "LaMLTests", "{F0492ADC-3034-4231-A36A-82AF477BCF03}"
EndProject
Project("{9A19103F-16F7-4668-BE54-9A1E7A4F7556}") = "Calling_PromptStop", "RelayTests\Calling_PromptStop\Calling_PromptStop.csproj", "{3FD6C9E2-779E-46FC-9C7E-CDAFDEB52664}"
EndProject
Project("{9A19103F-16F7-4668-BE54-9A1E7A4F7556}") = "Connect_Stress", "RelayTests\Connect_Stress\Connect_Stress.csproj", "{D46774E7-8998-4621-A40A-D5205DA0D746}"
EndProject
Project("{9A19103F-16F7-4668-BE54-9A1E7A4F7556}") = "Calling_InboundCall", "RelayExamples\Calling_InboundCall\Calling_InboundCall.csproj", "{00C7338B-D720-4474-AA96-0D8B2DCAFABB}"
EndProject
Project("{9A19103F-16F7-4668-BE54-9A1E7A4F7556}") = "Calling_OutboundCall", "RelayExamples\Calling_OutboundCall\Calling_OutboundCall.csproj", "{68CE594E-CB6F-4C96-B794-18FDE4CAC7B4}"
EndProject
Project("{9A19103F-16F7-4668-BE54-9A1E7A4F7556}") = "Calling_Tap", "RelayTests\Calling_Tap\Calling_Tap.csproj", "{1CC78145-7FBE-45A2-8E34-E4AD7F87E34F}"
EndProject
Project("{9A19103F-16F7-4668-BE54-9A1E7A4F7556}") = "Calling_FaxSend", "RelayTests\Calling_FaxSend\Calling_FaxSend.csproj", "{F67CC204-918C-4FBB-909D-2FE402309605}"
EndProject
Project("{9A19103F-16F7-4668-BE54-9A1E7A4F7556}") = "Calling_FaxReceive", "RelayTests\Calling_FaxReceive\Calling_FaxReceive.csproj", "{EC6EF1E2-72B2-4255-81B1-D5B5D47754BE}"
EndProject
Project("{9A19103F-16F7-4668-BE54-9A1E7A4F7556}") = "Messaging_Send", "RelayTests\Messaging_Send\Messaging_Send.csproj", "{43954C51-451B-4293-A789-7A875CB3BC16}"
EndProject
Project("{9A19103F-16F7-4668-BE54-9A1E7A4F7556}") = "Task_Basic", "RelayTests\Task_Basic\Task_Basic.csproj", "{FF0E37D8-9943-4A2C-A282-1648976A1C68}"
EndProject
Project("{9A19103F-16F7-4668-BE54-9A1E7A4F7556}") = "Calling_RecordAsync", "RelayExamples\Calling_RecordAsync\Calling_RecordAsync.csproj", "{87EA6A25-C6C1-4B0E-8420-73EF4AEC3CF2}"
EndProject
Project("{9A19103F-16F7-4668-BE54-9A1E7A4F7556}") = "Calling_PlayConnectPlay", "RelayExamples\Calling_PlayConnectPlay\Calling_PlayConnectPlay.csproj", "{5B086D13-7E2B-429D-AF5C-E791709CA031}"
EndProject
Project("{9A19103F-16F7-4668-BE54-9A1E7A4F7556}") = "Calling_SendDigits", "RelayTests\Calling_SendDigits\Calling_SendDigits.csproj", "{D4EB3007-976D-4B30-ACD4-139C29E88C1E}"
EndProject
Project("{9A19103F-16F7-4668-BE54-9A1E7A4F7556}") = "Calling_PlayPauseResume", "RelayTests\Calling_PlayPauseResume\Calling_PlayPauseResume.csproj", "{4C3CD70C-0CCE-4A1F-95B7-4A7F99ACED92}"
EndProject
Project("{9A19103F-16F7-4668-BE54-9A1E7A4F7556}") = "Calling_PlayVolume", "RelayTests\Calling_PlayVolume\Calling_PlayVolume.csproj", "{8C0443DB-35F7-44BF-B26C-DCCC35DF14C6}"
EndProject
Project("{9A19103F-16F7-4668-BE54-9A1E7A4F7556}") = "Calling_PlayTwice", "RelayTests\Calling_PlayTwice\Calling_PlayTwice.csproj", "{A1E9671C-7099-4EC1-95DD-D4CE96AE34AD}"
EndProject
Project("{FAE04EC0-301F-11D3-BF4B-00C04F79EFBC}") = "Calling_Disconnect", "RelayTests\Calling_Disconnect\Calling_Disconnect.csproj", "{4892B81E-DAE9-4B98-BD3C-2A5560EC4AAC}"
EndProject
Global
	GlobalSection(SolutionConfigurationPlatforms) = preSolution
		Debug|Any CPU = Debug|Any CPU
		Release|Any CPU = Release|Any CPU
	EndGlobalSection
	GlobalSection(ProjectConfigurationPlatforms) = postSolution
		{349C0884-4FBE-4388-8078-C9DC4B4D35FB}.Debug|Any CPU.ActiveCfg = Debug|Any CPU
		{349C0884-4FBE-4388-8078-C9DC4B4D35FB}.Debug|Any CPU.Build.0 = Debug|Any CPU
		{349C0884-4FBE-4388-8078-C9DC4B4D35FB}.Release|Any CPU.ActiveCfg = Release|Any CPU
		{349C0884-4FBE-4388-8078-C9DC4B4D35FB}.Release|Any CPU.Build.0 = Release|Any CPU
		{CCD41B0D-71F2-48A4-BEF7-50A08BA3C40E}.Debug|Any CPU.ActiveCfg = Debug|Any CPU
		{CCD41B0D-71F2-48A4-BEF7-50A08BA3C40E}.Debug|Any CPU.Build.0 = Debug|Any CPU
		{CCD41B0D-71F2-48A4-BEF7-50A08BA3C40E}.Release|Any CPU.ActiveCfg = Release|Any CPU
		{CCD41B0D-71F2-48A4-BEF7-50A08BA3C40E}.Release|Any CPU.Build.0 = Release|Any CPU
		{88F4EEF8-1DBF-4DCA-B779-E7802A7F8C93}.Debug|Any CPU.ActiveCfg = Debug|Any CPU
		{88F4EEF8-1DBF-4DCA-B779-E7802A7F8C93}.Debug|Any CPU.Build.0 = Debug|Any CPU
		{88F4EEF8-1DBF-4DCA-B779-E7802A7F8C93}.Release|Any CPU.ActiveCfg = Release|Any CPU
		{88F4EEF8-1DBF-4DCA-B779-E7802A7F8C93}.Release|Any CPU.Build.0 = Release|Any CPU
		{F287CAC5-EC22-4C8C-BEF7-A666339E61A4}.Debug|Any CPU.ActiveCfg = Debug|Any CPU
		{F287CAC5-EC22-4C8C-BEF7-A666339E61A4}.Debug|Any CPU.Build.0 = Debug|Any CPU
		{F287CAC5-EC22-4C8C-BEF7-A666339E61A4}.Release|Any CPU.ActiveCfg = Release|Any CPU
		{F287CAC5-EC22-4C8C-BEF7-A666339E61A4}.Release|Any CPU.Build.0 = Release|Any CPU
		{0AD108B5-EDB3-45AD-8283-C203F9F2E0FF}.Debug|Any CPU.ActiveCfg = Debug|Any CPU
		{0AD108B5-EDB3-45AD-8283-C203F9F2E0FF}.Debug|Any CPU.Build.0 = Debug|Any CPU
		{0AD108B5-EDB3-45AD-8283-C203F9F2E0FF}.Release|Any CPU.ActiveCfg = Release|Any CPU
		{0AD108B5-EDB3-45AD-8283-C203F9F2E0FF}.Release|Any CPU.Build.0 = Release|Any CPU
		{E7DF969B-A957-4814-9743-D86DF9387680}.Debug|Any CPU.ActiveCfg = Debug|Any CPU
		{E7DF969B-A957-4814-9743-D86DF9387680}.Debug|Any CPU.Build.0 = Debug|Any CPU
		{E7DF969B-A957-4814-9743-D86DF9387680}.Release|Any CPU.ActiveCfg = Release|Any CPU
		{E7DF969B-A957-4814-9743-D86DF9387680}.Release|Any CPU.Build.0 = Release|Any CPU
		{7A1A32E0-09D6-406F-801F-38D3D38EC1CD}.Debug|Any CPU.ActiveCfg = Debug|Any CPU
		{7A1A32E0-09D6-406F-801F-38D3D38EC1CD}.Debug|Any CPU.Build.0 = Debug|Any CPU
		{7A1A32E0-09D6-406F-801F-38D3D38EC1CD}.Release|Any CPU.ActiveCfg = Release|Any CPU
		{7A1A32E0-09D6-406F-801F-38D3D38EC1CD}.Release|Any CPU.Build.0 = Release|Any CPU
		{D91AE7CF-BEB3-40CB-ACAC-2B7065BA7F39}.Debug|Any CPU.ActiveCfg = Debug|Any CPU
		{D91AE7CF-BEB3-40CB-ACAC-2B7065BA7F39}.Debug|Any CPU.Build.0 = Debug|Any CPU
		{D91AE7CF-BEB3-40CB-ACAC-2B7065BA7F39}.Release|Any CPU.ActiveCfg = Release|Any CPU
		{D91AE7CF-BEB3-40CB-ACAC-2B7065BA7F39}.Release|Any CPU.Build.0 = Release|Any CPU
		{CD5BA39E-9E6B-47DF-8A0E-17F88652A7B4}.Debug|Any CPU.ActiveCfg = Debug|Any CPU
		{CD5BA39E-9E6B-47DF-8A0E-17F88652A7B4}.Debug|Any CPU.Build.0 = Debug|Any CPU
		{CD5BA39E-9E6B-47DF-8A0E-17F88652A7B4}.Release|Any CPU.ActiveCfg = Release|Any CPU
		{CD5BA39E-9E6B-47DF-8A0E-17F88652A7B4}.Release|Any CPU.Build.0 = Release|Any CPU
		{D67F4901-1330-439E-B428-7E2957072288}.Debug|Any CPU.ActiveCfg = Debug|Any CPU
		{D67F4901-1330-439E-B428-7E2957072288}.Debug|Any CPU.Build.0 = Debug|Any CPU
		{D67F4901-1330-439E-B428-7E2957072288}.Release|Any CPU.ActiveCfg = Release|Any CPU
		{D67F4901-1330-439E-B428-7E2957072288}.Release|Any CPU.Build.0 = Release|Any CPU
		{3FD6C9E2-779E-46FC-9C7E-CDAFDEB52664}.Debug|Any CPU.ActiveCfg = Debug|Any CPU
		{3FD6C9E2-779E-46FC-9C7E-CDAFDEB52664}.Debug|Any CPU.Build.0 = Debug|Any CPU
		{3FD6C9E2-779E-46FC-9C7E-CDAFDEB52664}.Release|Any CPU.ActiveCfg = Release|Any CPU
		{3FD6C9E2-779E-46FC-9C7E-CDAFDEB52664}.Release|Any CPU.Build.0 = Release|Any CPU
		{D46774E7-8998-4621-A40A-D5205DA0D746}.Debug|Any CPU.ActiveCfg = Debug|Any CPU
		{D46774E7-8998-4621-A40A-D5205DA0D746}.Debug|Any CPU.Build.0 = Debug|Any CPU
		{D46774E7-8998-4621-A40A-D5205DA0D746}.Release|Any CPU.ActiveCfg = Release|Any CPU
		{D46774E7-8998-4621-A40A-D5205DA0D746}.Release|Any CPU.Build.0 = Release|Any CPU
		{00C7338B-D720-4474-AA96-0D8B2DCAFABB}.Debug|Any CPU.ActiveCfg = Debug|Any CPU
		{00C7338B-D720-4474-AA96-0D8B2DCAFABB}.Debug|Any CPU.Build.0 = Debug|Any CPU
		{00C7338B-D720-4474-AA96-0D8B2DCAFABB}.Release|Any CPU.ActiveCfg = Release|Any CPU
		{00C7338B-D720-4474-AA96-0D8B2DCAFABB}.Release|Any CPU.Build.0 = Release|Any CPU
		{68CE594E-CB6F-4C96-B794-18FDE4CAC7B4}.Debug|Any CPU.ActiveCfg = Debug|Any CPU
		{68CE594E-CB6F-4C96-B794-18FDE4CAC7B4}.Debug|Any CPU.Build.0 = Debug|Any CPU
		{68CE594E-CB6F-4C96-B794-18FDE4CAC7B4}.Release|Any CPU.ActiveCfg = Release|Any CPU
		{68CE594E-CB6F-4C96-B794-18FDE4CAC7B4}.Release|Any CPU.Build.0 = Release|Any CPU
		{1CC78145-7FBE-45A2-8E34-E4AD7F87E34F}.Debug|Any CPU.ActiveCfg = Debug|Any CPU
		{1CC78145-7FBE-45A2-8E34-E4AD7F87E34F}.Debug|Any CPU.Build.0 = Debug|Any CPU
		{1CC78145-7FBE-45A2-8E34-E4AD7F87E34F}.Release|Any CPU.ActiveCfg = Release|Any CPU
		{1CC78145-7FBE-45A2-8E34-E4AD7F87E34F}.Release|Any CPU.Build.0 = Release|Any CPU
		{F67CC204-918C-4FBB-909D-2FE402309605}.Debug|Any CPU.ActiveCfg = Debug|Any CPU
		{F67CC204-918C-4FBB-909D-2FE402309605}.Debug|Any CPU.Build.0 = Debug|Any CPU
		{F67CC204-918C-4FBB-909D-2FE402309605}.Release|Any CPU.ActiveCfg = Release|Any CPU
		{F67CC204-918C-4FBB-909D-2FE402309605}.Release|Any CPU.Build.0 = Release|Any CPU
		{EC6EF1E2-72B2-4255-81B1-D5B5D47754BE}.Debug|Any CPU.ActiveCfg = Debug|Any CPU
		{EC6EF1E2-72B2-4255-81B1-D5B5D47754BE}.Debug|Any CPU.Build.0 = Debug|Any CPU
		{EC6EF1E2-72B2-4255-81B1-D5B5D47754BE}.Release|Any CPU.ActiveCfg = Release|Any CPU
		{EC6EF1E2-72B2-4255-81B1-D5B5D47754BE}.Release|Any CPU.Build.0 = Release|Any CPU
		{43954C51-451B-4293-A789-7A875CB3BC16}.Debug|Any CPU.ActiveCfg = Debug|Any CPU
		{43954C51-451B-4293-A789-7A875CB3BC16}.Debug|Any CPU.Build.0 = Debug|Any CPU
		{43954C51-451B-4293-A789-7A875CB3BC16}.Release|Any CPU.ActiveCfg = Release|Any CPU
		{43954C51-451B-4293-A789-7A875CB3BC16}.Release|Any CPU.Build.0 = Release|Any CPU
		{FF0E37D8-9943-4A2C-A282-1648976A1C68}.Debug|Any CPU.ActiveCfg = Debug|Any CPU
		{FF0E37D8-9943-4A2C-A282-1648976A1C68}.Debug|Any CPU.Build.0 = Debug|Any CPU
		{FF0E37D8-9943-4A2C-A282-1648976A1C68}.Release|Any CPU.ActiveCfg = Release|Any CPU
		{FF0E37D8-9943-4A2C-A282-1648976A1C68}.Release|Any CPU.Build.0 = Release|Any CPU
		{87EA6A25-C6C1-4B0E-8420-73EF4AEC3CF2}.Debug|Any CPU.ActiveCfg = Debug|Any CPU
		{87EA6A25-C6C1-4B0E-8420-73EF4AEC3CF2}.Debug|Any CPU.Build.0 = Debug|Any CPU
		{87EA6A25-C6C1-4B0E-8420-73EF4AEC3CF2}.Release|Any CPU.ActiveCfg = Release|Any CPU
		{87EA6A25-C6C1-4B0E-8420-73EF4AEC3CF2}.Release|Any CPU.Build.0 = Release|Any CPU
		{5B086D13-7E2B-429D-AF5C-E791709CA031}.Debug|Any CPU.ActiveCfg = Debug|Any CPU
		{5B086D13-7E2B-429D-AF5C-E791709CA031}.Debug|Any CPU.Build.0 = Debug|Any CPU
		{5B086D13-7E2B-429D-AF5C-E791709CA031}.Release|Any CPU.ActiveCfg = Release|Any CPU
		{5B086D13-7E2B-429D-AF5C-E791709CA031}.Release|Any CPU.Build.0 = Release|Any CPU
		{D4EB3007-976D-4B30-ACD4-139C29E88C1E}.Debug|Any CPU.ActiveCfg = Debug|Any CPU
		{D4EB3007-976D-4B30-ACD4-139C29E88C1E}.Debug|Any CPU.Build.0 = Debug|Any CPU
		{D4EB3007-976D-4B30-ACD4-139C29E88C1E}.Release|Any CPU.ActiveCfg = Release|Any CPU
		{D4EB3007-976D-4B30-ACD4-139C29E88C1E}.Release|Any CPU.Build.0 = Release|Any CPU
		{4C3CD70C-0CCE-4A1F-95B7-4A7F99ACED92}.Debug|Any CPU.ActiveCfg = Debug|Any CPU
		{4C3CD70C-0CCE-4A1F-95B7-4A7F99ACED92}.Debug|Any CPU.Build.0 = Debug|Any CPU
		{4C3CD70C-0CCE-4A1F-95B7-4A7F99ACED92}.Release|Any CPU.ActiveCfg = Release|Any CPU
		{4C3CD70C-0CCE-4A1F-95B7-4A7F99ACED92}.Release|Any CPU.Build.0 = Release|Any CPU
		{8C0443DB-35F7-44BF-B26C-DCCC35DF14C6}.Debug|Any CPU.ActiveCfg = Debug|Any CPU
		{8C0443DB-35F7-44BF-B26C-DCCC35DF14C6}.Debug|Any CPU.Build.0 = Debug|Any CPU
		{8C0443DB-35F7-44BF-B26C-DCCC35DF14C6}.Release|Any CPU.ActiveCfg = Release|Any CPU
		{8C0443DB-35F7-44BF-B26C-DCCC35DF14C6}.Release|Any CPU.Build.0 = Release|Any CPU
		{A1E9671C-7099-4EC1-95DD-D4CE96AE34AD}.Debug|Any CPU.ActiveCfg = Debug|Any CPU
		{A1E9671C-7099-4EC1-95DD-D4CE96AE34AD}.Debug|Any CPU.Build.0 = Debug|Any CPU
		{A1E9671C-7099-4EC1-95DD-D4CE96AE34AD}.Release|Any CPU.ActiveCfg = Release|Any CPU
		{A1E9671C-7099-4EC1-95DD-D4CE96AE34AD}.Release|Any CPU.Build.0 = Release|Any CPU
		{4892B81E-DAE9-4B98-BD3C-2A5560EC4AAC}.Debug|Any CPU.ActiveCfg = Debug|Any CPU
		{4892B81E-DAE9-4B98-BD3C-2A5560EC4AAC}.Debug|Any CPU.Build.0 = Debug|Any CPU
		{4892B81E-DAE9-4B98-BD3C-2A5560EC4AAC}.Release|Any CPU.ActiveCfg = Release|Any CPU
		{4892B81E-DAE9-4B98-BD3C-2A5560EC4AAC}.Release|Any CPU.Build.0 = Release|Any CPU
	EndGlobalSection
	GlobalSection(SolutionProperties) = preSolution
		HideSolutionNode = FALSE
	EndGlobalSection
	GlobalSection(NestedProjects) = preSolution
		{CCD41B0D-71F2-48A4-BEF7-50A08BA3C40E} = {F0492ADC-3034-4231-A36A-82AF477BCF03}
		{88F4EEF8-1DBF-4DCA-B779-E7802A7F8C93} = {1861F546-601F-40C5-87F9-90904AEF3FFC}
		{F287CAC5-EC22-4C8C-BEF7-A666339E61A4} = {1861F546-601F-40C5-87F9-90904AEF3FFC}
		{0AD108B5-EDB3-45AD-8283-C203F9F2E0FF} = {1861F546-601F-40C5-87F9-90904AEF3FFC}
		{E7DF969B-A957-4814-9743-D86DF9387680} = {1861F546-601F-40C5-87F9-90904AEF3FFC}
		{7A1A32E0-09D6-406F-801F-38D3D38EC1CD} = {1861F546-601F-40C5-87F9-90904AEF3FFC}
		{D91AE7CF-BEB3-40CB-ACAC-2B7065BA7F39} = {1861F546-601F-40C5-87F9-90904AEF3FFC}
		{CD5BA39E-9E6B-47DF-8A0E-17F88652A7B4} = {1861F546-601F-40C5-87F9-90904AEF3FFC}
		{D67F4901-1330-439E-B428-7E2957072288} = {CBE6F4FA-C7EC-45D6-82E2-5C2D97F55124}
		{3FD6C9E2-779E-46FC-9C7E-CDAFDEB52664} = {1861F546-601F-40C5-87F9-90904AEF3FFC}
		{D46774E7-8998-4621-A40A-D5205DA0D746} = {1861F546-601F-40C5-87F9-90904AEF3FFC}
		{00C7338B-D720-4474-AA96-0D8B2DCAFABB} = {CBE6F4FA-C7EC-45D6-82E2-5C2D97F55124}
		{68CE594E-CB6F-4C96-B794-18FDE4CAC7B4} = {CBE6F4FA-C7EC-45D6-82E2-5C2D97F55124}
		{1CC78145-7FBE-45A2-8E34-E4AD7F87E34F} = {1861F546-601F-40C5-87F9-90904AEF3FFC}
		{F67CC204-918C-4FBB-909D-2FE402309605} = {1861F546-601F-40C5-87F9-90904AEF3FFC}
		{EC6EF1E2-72B2-4255-81B1-D5B5D47754BE} = {1861F546-601F-40C5-87F9-90904AEF3FFC}
		{43954C51-451B-4293-A789-7A875CB3BC16} = {1861F546-601F-40C5-87F9-90904AEF3FFC}
		{FF0E37D8-9943-4A2C-A282-1648976A1C68} = {1861F546-601F-40C5-87F9-90904AEF3FFC}
		{87EA6A25-C6C1-4B0E-8420-73EF4AEC3CF2} = {CBE6F4FA-C7EC-45D6-82E2-5C2D97F55124}
		{5B086D13-7E2B-429D-AF5C-E791709CA031} = {CBE6F4FA-C7EC-45D6-82E2-5C2D97F55124}
		{D4EB3007-976D-4B30-ACD4-139C29E88C1E} = {1861F546-601F-40C5-87F9-90904AEF3FFC}
		{4C3CD70C-0CCE-4A1F-95B7-4A7F99ACED92} = {1861F546-601F-40C5-87F9-90904AEF3FFC}
		{8C0443DB-35F7-44BF-B26C-DCCC35DF14C6} = {1861F546-601F-40C5-87F9-90904AEF3FFC}
		{A1E9671C-7099-4EC1-95DD-D4CE96AE34AD} = {1861F546-601F-40C5-87F9-90904AEF3FFC}
		{4892B81E-DAE9-4B98-BD3C-2A5560EC4AAC} = {1861F546-601F-40C5-87F9-90904AEF3FFC}
	EndGlobalSection
	GlobalSection(ExtensibilityGlobals) = postSolution
		SolutionGuid = {07D95FE8-9E6B-4BC5-88AC-BAD3CAF4D2E7}
	EndGlobalSection
EndGlobal
