
Microsoft Visual Studio Solution File, Format Version 12.00
# Visual Studio 15
VisualStudioVersion = 15.0.26124.0
MinimumVisualStudioVersion = 15.0.26124.0
Project("{9A19103F-16F7-4668-BE54-9A1E7A4F7556}") = "signalwire-dotnet", "signalwire-dotnet\signalwire-dotnet.csproj", "{349C0884-4FBE-4388-8078-C9DC4B4D35FB}"
EndProject
Project("{FAE04EC0-301F-11D3-BF4B-00C04F79EFBC}") = "signalwire-dotnet-tests", "signalwire-dotnet-tests\signalwire-dotnet-tests.csproj", "{CCD41B0D-71F2-48A4-BEF7-50A08BA3C40E}"
EndProject
Global
	GlobalSection(SolutionConfigurationPlatforms) = preSolution
		Debug|Any CPU = Debug|Any CPU
		Release|Any CPU = Release|Any CPU
	EndGlobalSection
	GlobalSection(ProjectConfigurationPlatforms) = postSolution
		{349C0884-4FBE-4388-8078-C9DC4B4D35FB}.Debug|Any CPU.ActiveCfg = Debug|Any CPU
		{349C0884-4FBE-4388-8078-C9DC4B4D35FB}.Debug|Any CPU.Build.0 = Debug|Any CPU
		{349C0884-4FBE-4388-8078-C9DC4B4D35FB}.Release|Any CPU.ActiveCfg = Release|Any CPU
		{349C0884-4FBE-4388-8078-C9DC4B4D35FB}.Release|Any CPU.Build.0 = Release|Any CPU
		{CCD41B0D-71F2-48A4-BEF7-50A08BA3C40E}.Debug|Any CPU.ActiveCfg = Debug|Any CPU
		{CCD41B0D-71F2-48A4-BEF7-50A08BA3C40E}.Debug|Any CPU.Build.0 = Debug|Any CPU
		{CCD41B0D-71F2-48A4-BEF7-50A08BA3C40E}.Release|Any CPU.ActiveCfg = Release|Any CPU
		{CCD41B0D-71F2-48A4-BEF7-50A08BA3C40E}.Release|Any CPU.Build.0 = Release|Any CPU
	EndGlobalSection
	GlobalSection(SolutionProperties) = preSolution
		HideSolutionNode = FALSE
	EndGlobalSection
	GlobalSection(ExtensibilityGlobals) = postSolution
		SolutionGuid = {07D95FE8-9E6B-4BC5-88AC-BAD3CAF4D2E7}
	EndGlobalSection
EndGlobal
